[[package]]
name = "byteorder"
version = "1.2.2"
source = "registry+https://github.com/rust-lang/crates.io-index"

[[package]]
name = "libc"
version = "0.2.40"
source = "git+https://github.com/redox-os/liblibc#297fc414c3225631e879ff87006ce4a53146bf1f"

[[package]]
name = "newlib_redox"
version = "0.1.0"
dependencies = [
 "byteorder 1.2.2 (registry+https://github.com/rust-lang/crates.io-index)",
 "libc 0.2.40 (git+https://github.com/redox-os/liblibc)",
 "redox_syscall 0.1.37 (registry+https://github.com/rust-lang/crates.io-index)",
 "redox_termios 0.1.1 (registry+https://github.com/rust-lang/crates.io-index)",
]

[[package]]
name = "redox_syscall"
version = "0.1.37"
source = "registry+https://github.com/rust-lang/crates.io-index"

[[package]]
name = "redox_termios"
version = "0.1.1"
source = "registry+https://github.com/rust-lang/crates.io-index"
dependencies = [
 "redox_syscall 0.1.37 (registry+https://github.com/rust-lang/crates.io-index)",
]

[metadata]
"checksum byteorder 1.2.2 (registry+https://github.com/rust-lang/crates.io-index)" = "73b5bdfe7ee3ad0b99c9801d58807a9dbc9e09196365b0203853b99889ab3c87"
"checksum libc 0.2.40 (git+https://github.com/redox-os/liblibc)" = "<none>"
"checksum redox_syscall 0.1.37 (registry+https://github.com/rust-lang/crates.io-index)" = "0d92eecebad22b767915e4d529f89f28ee96dbbf5a4810d2b844373f136417fd"
"checksum redox_termios 0.1.1 (registry+https://github.com/rust-lang/crates.io-index)" = "7e891cfe48e9100a70a3b6eb652fef28920c117d366339687bd5576160db0f76"
